
Microsoft Visual Studio Solution File, Format Version 12.00
# Visual Studio Version 17
VisualStudioVersion = 17.12.35521.163 d17.12
MinimumVisualStudioVersion = 10.0.40219.1
Project("{FAE04EC0-301F-11D3-BF4B-00C04F79EFBC}") = "2024.12.12.gyakorlas", "2024.12.12.gyakorlas.csproj", "{DE8530FA-7571-4FCD-B567-4A900493597A}"
EndProject
Global
	GlobalSection(SolutionConfigurationPlatforms) = preSolution
		Debug|Any CPU = Debug|Any CPU
		Release|Any CPU = Release|Any CPU
	EndGlobalSection
	GlobalSection(ProjectConfigurationPlatforms) = postSolution
		{DE8530FA-7571-4FCD-B567-4A900493597A}.Debug|Any CPU.ActiveCfg = Debug|Any CPU
		{DE8530FA-7571-4FCD-B567-4A900493597A}.Debug|Any CPU.Build.0 = Debug|Any CPU
		{DE8530FA-7571-4FCD-B567-4A900493597A}.Release|Any CPU.ActiveCfg = Release|Any CPU
		{DE8530FA-7571-4FCD-B567-4A900493597A}.Release|Any CPU.Build.0 = Release|Any CPU
	EndGlobalSection
	GlobalSection(SolutionProperties) = preSolution
		HideSolutionNode = FALSE
	EndGlobalSection
EndGlobal
